<?xml version="1.0" encoding="utf-8"?>
<Project ToolsVersion="4.0" xmlns="http://schemas.microsoft.com/developer/msbuild/2003">
  <ItemGroup>
    <Filter Include="소스 파일">
      <UniqueIdentifier>{4FC737F1-C7A5-4376-A066-2A32D752A2FF}</UniqueIdentifier>
      <Extensions>cpp;c;cc;cxx;def;odl;idl;hpj;bat;asm;asmx</Extensions>
    </Filter>
    <Filter Include="헤더 파일">
      <UniqueIdentifier>{93995380-89BD-4b04-88EB-625FBE52EBFB}</UniqueIdentifier>
      <Extensions>h;hh;hpp;hxx;hm;inl;inc;ipp;xsd</Extensions>
    </Filter>
    <Filter Include="리소스 파일">
      <UniqueIdentifier>{67DA6AB6-F800-4c08-8B7A-83BB121AAD01}</UniqueIdentifier>
      <Extensions>rc;ico;cur;bmp;dlg;rc2;rct;bin;rgs;gif;jpg;jpeg;jpe;resx;tiff;tif;png;wav;mfcribbon-ms</Extensions>
    </Filter>
    <Filter Include="States">
      <UniqueIdentifier>{e40d0d59-1947-4277-af0e-3852a600b8bd}</UniqueIdentifier>
    </Filter>
    <Filter Include="Entities">
      <UniqueIdentifier>{8f254371-58b8-4d4e-b751-26b3e90561f2}</UniqueIdentifier>
    </Filter>
    <Filter Include="Components">
      <UniqueIdentifier>{fc54ac76-e223-43a8-b6a4-482fa2290a2b}</UniqueIdentifier>
    </Filter>
    <Filter Include="GUI">
      <UniqueIdentifier>{39d38865-f5a9-4cf1-a171-694c6edbbf69}</UniqueIdentifier>
    </Filter>
    <Filter Include="States\Editor">
      <UniqueIdentifier>{15a65ca9-bfb8-469c-871b-4611cdc4776f}</UniqueIdentifier>
    </Filter>
    <Filter Include="States\Game">
      <UniqueIdentifier>{3f87631e-658a-4ba4-8e1a-443754b202b9}</UniqueIdentifier>
    </Filter>
    <Filter Include="States\MainMenu">
      <UniqueIdentifier>{e82dfb22-5c2c-4974-bfa7-8d324169450f}</UniqueIdentifier>
    </Filter>
    <Filter Include="States\Settings">
      <UniqueIdentifier>{620a12ce-b360-4627-9eae-c2506ef83bad}</UniqueIdentifier>
    </Filter>
    <Filter Include="Game">
      <UniqueIdentifier>{affdc3f3-59ea-46aa-bc43-542159ccb161}</UniqueIdentifier>
    </Filter>
    <Filter Include="Tiles">
      <UniqueIdentifier>{7ce417d0-cfb5-4b47-9ed5-3ccf95d4200d}</UniqueIdentifier>
    </Filter>
    <Filter Include="Managers">
      <UniqueIdentifier>{a57fa6c6-5b3a-4fa4-b29d-292000092236}</UniqueIdentifier>
    </Filter>
    <Filter Include="States\Game\PauseMenuState">
      <UniqueIdentifier>{c00c9442-2baa-4d00-bc14-51a4977e8a6f}</UniqueIdentifier>
    </Filter>
    <Filter Include="Maps">
      <UniqueIdentifier>{2c3a9c0c-1c7b-4cbd-83e2-bd92987e7a34}</UniqueIdentifier>
    </Filter>
    <Filter Include="Utils">
      <UniqueIdentifier>{34e163ce-28da-49b2-9793-4aa163439871}</UniqueIdentifier>
    </Filter>
    <Filter Include="GUI\Button">
      <UniqueIdentifier>{65524bc4-5781-4c43-bbb6-b451c342939f}</UniqueIdentifier>
    </Filter>
    <Filter Include="GUI\DropDownList">
      <UniqueIdentifier>{0439a521-8088-41b5-ae07-ad9d8d98536e}</UniqueIdentifier>
    </Filter>
    <Filter Include="Defines">
      <UniqueIdentifier>{f2bfde9e-1be6-4238-9cb3-1e5cb321ffb9}</UniqueIdentifier>
    </Filter>
  </ItemGroup>
  <ItemGroup>
    <ClCompile Include="main.cpp">
      <Filter>소스 파일</Filter>
    </ClCompile>
    <ClCompile Include="stdafx.cpp">
      <Filter>헤더 파일</Filter>
    </ClCompile>
    <ClCompile Include="Components\AnimationComponent.cpp">
      <Filter>Components</Filter>
    </ClCompile>
    <ClCompile Include="Components\HitboxComponent.cpp">
      <Filter>Components</Filter>
    </ClCompile>
    <ClCompile Include="Components\MovementComponent.cpp">
      <Filter>Components</Filter>
    </ClCompile>
    <ClCompile Include="Components\SoundComponent.cpp">
      <Filter>Components</Filter>
    </ClCompile>
    <ClCompile Include="Entities\Player.cpp">
      <Filter>Entities</Filter>
    </ClCompile>
    <ClCompile Include="Entities\Entity.cpp">
      <Filter>Entities</Filter>
    </ClCompile>
    <ClCompile Include="Managers\SoundManager.cpp">
      <Filter>Managers</Filter>
    </ClCompile>
    <ClCompile Include="States\Editor\EditorState.cpp">
      <Filter>States\Editor</Filter>
    </ClCompile>
    <ClCompile Include="States\Game\GameState.cpp">
      <Filter>States\Game</Filter>
    </ClCompile>
    <ClCompile Include="States\MainMenu\MainMenuState.cpp">
      <Filter>States\MainMenu</Filter>
    </ClCompile>
    <ClCompile Include="States\Settings\SettingsState.cpp">
      <Filter>States\Settings</Filter>
    </ClCompile>
    <ClCompile Include="Tiles\Tile.cpp">
      <Filter>Tiles</Filter>
    </ClCompile>
    <ClCompile Include="Game\Game.cpp">
      <Filter>Game</Filter>
    </ClCompile>
    <ClCompile Include="States\State.cpp">
      <Filter>States</Filter>
    </ClCompile>
    <ClCompile Include="Managers\StateManager.cpp">
      <Filter>Managers</Filter>
    </ClCompile>
    <ClCompile Include="States\Game\PauseMenu\PauseMenuState.cpp">
      <Filter>States\Game\PauseMenuState</Filter>
    </ClCompile>
    <ClCompile Include="Maps\TileMap.cpp">
      <Filter>Maps</Filter>
    </ClCompile>
    <ClCompile Include="Utils\Utils.cpp">
      <Filter>Utils</Filter>
    </ClCompile>
    <ClCompile Include="GUI\Button\Button.cpp">
      <Filter>GUI\Button</Filter>
    </ClCompile>
    <ClCompile Include="GUI\DropDownList\DropdownList.cpp">
      <Filter>GUI\DropDownList</Filter>
    </ClCompile>
    <ClCompile Include="Defines\Animation.cpp">
      <Filter>Defines</Filter>
    </ClCompile>
    <ClCompile Include="Game\GraphicsSettings.cpp">
      <Filter>Game</Filter>
    </ClCompile>
    <ClCompile Include="Components\MusicComponent.cpp">
      <Filter>Components</Filter>
    </ClCompile>
  </ItemGroup>
  <ItemGroup>
    <ClInclude Include="stdafx.h">
      <Filter>헤더 파일</Filter>
    </ClInclude>
    <ClInclude Include="Components\AnimationComponent.h">
      <Filter>Components</Filter>
    </ClInclude>
    <ClInclude Include="Components\HitboxComponent.h">
      <Filter>Components</Filter>
    </ClInclude>
    <ClInclude Include="Components\MovementComponent.h">
      <Filter>Components</Filter>
    </ClInclude>
    <ClInclude Include="Components\SoundComponent.h">
      <Filter>Components</Filter>
    </ClInclude>
    <ClInclude Include="Entities\Entity.h">
      <Filter>Entities</Filter>
    </ClInclude>
    <ClInclude Include="Entities\Player.h">
      <Filter>Entities</Filter>
    </ClInclude>
    <ClInclude Include="Managers\SoundManager.h">
      <Filter>Managers</Filter>
    </ClInclude>
    <ClInclude Include="States\Editor\EditorState.h">
      <Filter>States\Editor</Filter>
    </ClInclude>
    <ClInclude Include="States\Game\GameState.h">
      <Filter>States\Game</Filter>
    </ClInclude>
    <ClInclude Include="States\MainMenu\MainMenuState.h">
      <Filter>States\MainMenu</Filter>
    </ClInclude>
    <ClInclude Include="States\Settings\SettingsState.h">
      <Filter>States\Settings</Filter>
    </ClInclude>
    <ClInclude Include="Tiles\Tile.h">
      <Filter>Tiles</Filter>
    </ClInclude>
    <ClInclude Include="Game\Game.h">
      <Filter>Game</Filter>
    </ClInclude>
    <ClInclude Include="States\State.h">
      <Filter>States</Filter>
    </ClInclude>
    <ClInclude Include="Managers\StateManager.h">
      <Filter>Managers</Filter>
    </ClInclude>
    <ClInclude Include="GUI\Gui.h">
      <Filter>GUI</Filter>
    </ClInclude>
    <ClInclude Include="States\Game\PauseMenu\PauseMenuState.h">
      <Filter>States\Game\PauseMenuState</Filter>
    </ClInclude>
    <ClInclude Include="Maps\TileMap.h">
      <Filter>Maps</Filter>
    </ClInclude>
    <ClInclude Include="Utils\Utils.h">
      <Filter>Utils</Filter>
    </ClInclude>
    <ClInclude Include="GUI\Button\Button.h">
      <Filter>GUI\Button</Filter>
    </ClInclude>
    <ClInclude Include="GUI\DropDownList\DropDownList.h">
      <Filter>GUI\DropDownList</Filter>
    </ClInclude>
    <ClInclude Include="Defines\Animation.h">
      <Filter>Defines</Filter>
    </ClInclude>
    <ClInclude Include="Defines\IDisposable.h">
      <Filter>Defines</Filter>
    </ClInclude>
    <ClInclude Include="Defines\ResourceSet.h">
      <Filter>Defines</Filter>
    </ClInclude>
    <ClInclude Include="Game\GraphicsSettings.h">
      <Filter>Game</Filter>
    </ClInclude>
    <ClInclude Include="Interface.h">
      <Filter>Defines</Filter>
    </ClInclude>
    <ClInclude Include="Components\MusicComponent.h">
      <Filter>Components</Filter>
    </ClInclude>
  </ItemGroup>
</Project>